
Microsoft Visual Studio Solution File, Format Version 12.00
# Visual Studio Version 17
VisualStudioVersion = 17.14.36221.1 d17.14
MinimumVisualStudioVersion = 10.0.40219.1
Project("{FAE04EC0-301F-11D3-BF4B-00C04F79EFBC}") = "WebApi", "WebApi.csproj", "{D3FF8C51-A9BE-48E9-9B9D-DC85A79D2BDE}"
EndProject
Project("{FAE04EC0-301F-11D3-BF4B-00C04F79EFBC}") = "Core", "..\Core\Core.csproj", "{1B48A849-6007-4357-B736-171163CD5AF3}"
EndProject
Project("{FAE04EC0-301F-11D3-BF4B-00C04F79EFBC}") = "Infrastructure", "..\Infrastructure\Infrastructure.csproj", "{FE6B0B72-81ED-4FE0-80C8-912F0FEC8594}"
EndProject
Project("{FAE04EC0-301F-11D3-BF4B-00C04F79EFBC}") = "Tests", "..\Tests\Tests.csproj", "{B420C0A2-502B-444C-A3E1-DD46065202C8}"
EndProject
Global
	GlobalSection(SolutionConfigurationPlatforms) = preSolution
		Debug|Any CPU = Debug|Any CPU
		Release|Any CPU = Release|Any CPU
	EndGlobalSection
	GlobalSection(ProjectConfigurationPlatforms) = postSolution
		{D3FF8C51-A9BE-48E9-9B9D-DC85A79D2BDE}.Debug|Any CPU.ActiveCfg = Debug|Any CPU
		{D3FF8C51-A9BE-48E9-9B9D-DC85A79D2BDE}.Debug|Any CPU.Build.0 = Debug|Any CPU
		{D3FF8C51-A9BE-48E9-9B9D-DC85A79D2BDE}.Release|Any CPU.ActiveCfg = Release|Any CPU
		{D3FF8C51-A9BE-48E9-9B9D-DC85A79D2BDE}.Release|Any CPU.Build.0 = Release|Any CPU
		{1B48A849-6007-4357-B736-171163CD5AF3}.Debug|Any CPU.ActiveCfg = Debug|Any CPU
		{1B48A849-6007-4357-B736-171163CD5AF3}.Debug|Any CPU.Build.0 = Debug|Any CPU
		{1B48A849-6007-4357-B736-171163CD5AF3}.Release|Any CPU.ActiveCfg = Release|Any CPU
		{1B48A849-6007-4357-B736-171163CD5AF3}.Release|Any CPU.Build.0 = Release|Any CPU
		{FE6B0B72-81ED-4FE0-80C8-912F0FEC8594}.Debug|Any CPU.ActiveCfg = Debug|Any CPU
		{FE6B0B72-81ED-4FE0-80C8-912F0FEC8594}.Debug|Any CPU.Build.0 = Debug|Any CPU
		{FE6B0B72-81ED-4FE0-80C8-912F0FEC8594}.Release|Any CPU.ActiveCfg = Release|Any CPU
		{FE6B0B72-81ED-4FE0-80C8-912F0FEC8594}.Release|Any CPU.Build.0 = Release|Any CPU
		{B420C0A2-502B-444C-A3E1-DD46065202C8}.Debug|Any CPU.ActiveCfg = Debug|Any CPU
		{B420C0A2-502B-444C-A3E1-DD46065202C8}.Debug|Any CPU.Build.0 = Debug|Any CPU
		{B420C0A2-502B-444C-A3E1-DD46065202C8}.Release|Any CPU.ActiveCfg = Release|Any CPU
		{B420C0A2-502B-444C-A3E1-DD46065202C8}.Release|Any CPU.Build.0 = Release|Any CPU
	EndGlobalSection
	GlobalSection(SolutionProperties) = preSolution
		HideSolutionNode = FALSE
	EndGlobalSection
	GlobalSection(ExtensibilityGlobals) = postSolution
		SolutionGuid = {56FB1A7C-2F3F-43A8-A6C6-BDF61A997754}
	EndGlobalSection
EndGlobal
