
Microsoft Visual Studio Solution File, Format Version 12.00
# Visual Studio Version 17
VisualStudioVersion = 17.14.37012.4
MinimumVisualStudioVersion = 10.0.40219.1
Project("{FAE04EC0-301F-11D3-BF4B-00C04F79EFBC}") = "Notification.Core", "Notification.Core\Notification.Core.csproj", "{6E25E229-F809-47A1-82F1-992FDF6A2F4B}"
EndProject
Project("{FAE04EC0-301F-11D3-BF4B-00C04F79EFBC}") = "Notification.Infrastructure", "Notification.Infrastructure\Notification.Infrastructure.csproj", "{F6C7726F-6D89-475B-B9C2-0D339BC39539}"
EndProject
Project("{FAE04EC0-301F-11D3-BF4B-00C04F79EFBC}") = "Notification.WebApi", "Notification.WebApi\Notification.WebApi.csproj", "{A9384500-AC10-476D-93A0-84BE4340E663}"
EndProject
Project("{FAE04EC0-301F-11D3-BF4B-00C04F79EFBC}") = "Notification.Tests", "Notification.Tests\Notification.Tests.csproj", "{C6F13D28-EAB0-4E4D-B5E7-AF36ABB8050A}"
EndProject
Global
	GlobalSection(SolutionConfigurationPlatforms) = preSolution
		Debug|Any CPU = Debug|Any CPU
		Release|Any CPU = Release|Any CPU
	EndGlobalSection
	GlobalSection(ProjectConfigurationPlatforms) = postSolution
		{6E25E229-F809-47A1-82F1-992FDF6A2F4B}.Debug|Any CPU.ActiveCfg = Debug|Any CPU
		{6E25E229-F809-47A1-82F1-992FDF6A2F4B}.Debug|Any CPU.Build.0 = Debug|Any CPU
		{6E25E229-F809-47A1-82F1-992FDF6A2F4B}.Release|Any CPU.ActiveCfg = Release|Any CPU
		{6E25E229-F809-47A1-82F1-992FDF6A2F4B}.Release|Any CPU.Build.0 = Release|Any CPU
		{F6C7726F-6D89-475B-B9C2-0D339BC39539}.Debug|Any CPU.ActiveCfg = Debug|Any CPU
		{F6C7726F-6D89-475B-B9C2-0D339BC39539}.Debug|Any CPU.Build.0 = Debug|Any CPU
		{F6C7726F-6D89-475B-B9C2-0D339BC39539}.Release|Any CPU.ActiveCfg = Release|Any CPU
		{F6C7726F-6D89-475B-B9C2-0D339BC39539}.Release|Any CPU.Build.0 = Release|Any CPU
		{A9384500-AC10-476D-93A0-84BE4340E663}.Debug|Any CPU.ActiveCfg = Debug|Any CPU
		{A9384500-AC10-476D-93A0-84BE4340E663}.Debug|Any CPU.Build.0 = Debug|Any CPU
		{A9384500-AC10-476D-93A0-84BE4340E663}.Release|Any CPU.ActiveCfg = Release|Any CPU
		{A9384500-AC10-476D-93A0-84BE4340E663}.Release|Any CPU.Build.0 = Release|Any CPU
		{C6F13D28-EAB0-4E4D-B5E7-AF36ABB8050A}.Debug|Any CPU.ActiveCfg = Debug|Any CPU
		{C6F13D28-EAB0-4E4D-B5E7-AF36ABB8050A}.Debug|Any CPU.Build.0 = Debug|Any CPU
		{C6F13D28-EAB0-4E4D-B5E7-AF36ABB8050A}.Release|Any CPU.ActiveCfg = Release|Any CPU
		{C6F13D28-EAB0-4E4D-B5E7-AF36ABB8050A}.Release|Any CPU.Build.0 = Release|Any CPU
	EndGlobalSection
	GlobalSection(SolutionProperties) = preSolution
		HideSolutionNode = FALSE
	EndGlobalSection
	GlobalSection(ExtensibilityGlobals) = postSolution
		SolutionGuid = {3E6BF89A-5B31-4529-813D-C20FC25E2806}
	EndGlobalSection
EndGlobal
