
Microsoft Visual Studio Solution File, Format Version 12.00
# Visual Studio Version 17
VisualStudioVersion = 17.14.36221.1
MinimumVisualStudioVersion = 10.0.40219.1
Project("{FAE04EC0-301F-11D3-BF4B-00C04F79EFBC}") = "Infrastructure", "Infrastructure\Infrastructure.csproj", "{4B0FDC6D-5915-4888-B81C-1258AFC53096}"
EndProject
Project("{FAE04EC0-301F-11D3-BF4B-00C04F79EFBC}") = "Core", "Core\Core.csproj", "{04349886-E3A5-4ED4-A460-8517C3496751}"
EndProject
Project("{FAE04EC0-301F-11D3-BF4B-00C04F79EFBC}") = "webApi", "webApi\WebApi.csproj", "{7AE34213-11CD-4649-98F1-E63E48DD15D7}"
EndProject
Global
	GlobalSection(SolutionConfigurationPlatforms) = preSolution
		Debug|Any CPU = Debug|Any CPU
		Release|Any CPU = Release|Any CPU
	EndGlobalSection
	GlobalSection(ProjectConfigurationPlatforms) = postSolution
		{4B0FDC6D-5915-4888-B81C-1258AFC53096}.Debug|Any CPU.ActiveCfg = Debug|Any CPU
		{4B0FDC6D-5915-4888-B81C-1258AFC53096}.Debug|Any CPU.Build.0 = Debug|Any CPU
		{4B0FDC6D-5915-4888-B81C-1258AFC53096}.Release|Any CPU.ActiveCfg = Release|Any CPU
		{4B0FDC6D-5915-4888-B81C-1258AFC53096}.Release|Any CPU.Build.0 = Release|Any CPU
		{04349886-E3A5-4ED4-A460-8517C3496751}.Debug|Any CPU.ActiveCfg = Debug|Any CPU
		{04349886-E3A5-4ED4-A460-8517C3496751}.Debug|Any CPU.Build.0 = Debug|Any CPU
		{04349886-E3A5-4ED4-A460-8517C3496751}.Release|Any CPU.ActiveCfg = Release|Any CPU
		{04349886-E3A5-4ED4-A460-8517C3496751}.Release|Any CPU.Build.0 = Release|Any CPU
		{7AE34213-11CD-4649-98F1-E63E48DD15D7}.Debug|Any CPU.ActiveCfg = Debug|Any CPU
		{7AE34213-11CD-4649-98F1-E63E48DD15D7}.Debug|Any CPU.Build.0 = Debug|Any CPU
		{7AE34213-11CD-4649-98F1-E63E48DD15D7}.Release|Any CPU.ActiveCfg = Release|Any CPU
		{7AE34213-11CD-4649-98F1-E63E48DD15D7}.Release|Any CPU.Build.0 = Release|Any CPU
	EndGlobalSection
	GlobalSection(SolutionProperties) = preSolution
		HideSolutionNode = FALSE
	EndGlobalSection
	GlobalSection(ExtensibilityGlobals) = postSolution
		SolutionGuid = {E30F5B5A-E0CF-4269-9BC0-FC3954A2959C}
	EndGlobalSection
EndGlobal
